
Microsoft Visual Studio Solution File, Format Version 12.00
Project("{2150E333-8FDC-42A3-9474-1A3956D46DE8}") = "src", "src", "{CF265863-1C3E-45D4-B2C8-0FB885A65480}"
EndProject
Project("{2150E333-8FDC-42A3-9474-1A3956D46DE8}") = "tests", "tests", "{22F04D01-122F-436B-9B6F-8943DEE9FA2A}"
EndProject
Project("{FAE04EC0-301F-11D3-BF4B-00C04F79EFBC}") = "Api", "src\Api\Api.csproj", "{770D75CC-7CBE-4AE3-AEF6-45213B5C603D}"
EndProject
Project("{FAE04EC0-301F-11D3-BF4B-00C04F79EFBC}") = "Contracts", "src\Contracts\Contracts.csproj", "{672630BF-2184-46E3-A031-9BEF64CDB79D}"
EndProject
Project("{FAE04EC0-301F-11D3-BF4B-00C04F79EFBC}") = "Application", "src\Application\Application.csproj", "{C66A7C79-E7E7-487C-B6B0-B413330CCB2F}"
EndProject
Project("{FAE04EC0-301F-11D3-BF4B-00C04F79EFBC}") = "Api.Tests.Unit", "tests\Api.Tests.Unit\Api.Tests.Unit.csproj", "{7C5C6063-C96E-4BDC-8287-00722D94574A}"
EndProject
Project("{FAE04EC0-301F-11D3-BF4B-00C04F79EFBC}") = "Api.Tests.Integration", "tests\Api.Tests.Integration\Api.Tests.Integration.csproj", "{8B7BC461-7941-4FAB-8DDC-3B29BB4B701F}"
EndProject
Project("{FAE04EC0-301F-11D3-BF4B-00C04F79EFBC}") = "Infrastructure", "src\Infrastructure\Infrastructure.csproj", "{0B851DD1-80B5-4841-88E6-AD89E3784338}"
EndProject
Project("{FAE04EC0-301F-11D3-BF4B-00C04F79EFBC}") = "Infrastructure.Tests.Unit", "tests\Infrastructure.Tests.Unit\Infrastructure.Tests.Unit.csproj", "{B4DFA1C1-E6E7-4FEB-88F9-8B1DCF35C0B5}"
EndProject
Global
	GlobalSection(SolutionConfigurationPlatforms) = preSolution
		Debug|Any CPU = Debug|Any CPU
		Release|Any CPU = Release|Any CPU
	EndGlobalSection
	GlobalSection(NestedProjects) = preSolution
		{770D75CC-7CBE-4AE3-AEF6-45213B5C603D} = {CF265863-1C3E-45D4-B2C8-0FB885A65480}
		{672630BF-2184-46E3-A031-9BEF64CDB79D} = {CF265863-1C3E-45D4-B2C8-0FB885A65480}
		{C66A7C79-E7E7-487C-B6B0-B413330CCB2F} = {CF265863-1C3E-45D4-B2C8-0FB885A65480}
		{7C5C6063-C96E-4BDC-8287-00722D94574A} = {22F04D01-122F-436B-9B6F-8943DEE9FA2A}
		{8B7BC461-7941-4FAB-8DDC-3B29BB4B701F} = {22F04D01-122F-436B-9B6F-8943DEE9FA2A}
		{0B851DD1-80B5-4841-88E6-AD89E3784338} = {CF265863-1C3E-45D4-B2C8-0FB885A65480}
		{B4DFA1C1-E6E7-4FEB-88F9-8B1DCF35C0B5} = {22F04D01-122F-436B-9B6F-8943DEE9FA2A}
	EndGlobalSection
	GlobalSection(ProjectConfigurationPlatforms) = postSolution
		{770D75CC-7CBE-4AE3-AEF6-45213B5C603D}.Debug|Any CPU.ActiveCfg = Debug|Any CPU
		{770D75CC-7CBE-4AE3-AEF6-45213B5C603D}.Debug|Any CPU.Build.0 = Debug|Any CPU
		{770D75CC-7CBE-4AE3-AEF6-45213B5C603D}.Release|Any CPU.ActiveCfg = Release|Any CPU
		{770D75CC-7CBE-4AE3-AEF6-45213B5C603D}.Release|Any CPU.Build.0 = Release|Any CPU
		{672630BF-2184-46E3-A031-9BEF64CDB79D}.Debug|Any CPU.ActiveCfg = Debug|Any CPU
		{672630BF-2184-46E3-A031-9BEF64CDB79D}.Debug|Any CPU.Build.0 = Debug|Any CPU
		{672630BF-2184-46E3-A031-9BEF64CDB79D}.Release|Any CPU.ActiveCfg = Release|Any CPU
		{672630BF-2184-46E3-A031-9BEF64CDB79D}.Release|Any CPU.Build.0 = Release|Any CPU
		{C66A7C79-E7E7-487C-B6B0-B413330CCB2F}.Debug|Any CPU.ActiveCfg = Debug|Any CPU
		{C66A7C79-E7E7-487C-B6B0-B413330CCB2F}.Debug|Any CPU.Build.0 = Debug|Any CPU
		{C66A7C79-E7E7-487C-B6B0-B413330CCB2F}.Release|Any CPU.ActiveCfg = Release|Any CPU
		{C66A7C79-E7E7-487C-B6B0-B413330CCB2F}.Release|Any CPU.Build.0 = Release|Any CPU
		{7C5C6063-C96E-4BDC-8287-00722D94574A}.Debug|Any CPU.ActiveCfg = Debug|Any CPU
		{7C5C6063-C96E-4BDC-8287-00722D94574A}.Debug|Any CPU.Build.0 = Debug|Any CPU
		{7C5C6063-C96E-4BDC-8287-00722D94574A}.Release|Any CPU.ActiveCfg = Release|Any CPU
		{7C5C6063-C96E-4BDC-8287-00722D94574A}.Release|Any CPU.Build.0 = Release|Any CPU
		{8B7BC461-7941-4FAB-8DDC-3B29BB4B701F}.Debug|Any CPU.ActiveCfg = Debug|Any CPU
		{8B7BC461-7941-4FAB-8DDC-3B29BB4B701F}.Debug|Any CPU.Build.0 = Debug|Any CPU
		{8B7BC461-7941-4FAB-8DDC-3B29BB4B701F}.Release|Any CPU.ActiveCfg = Release|Any CPU
		{8B7BC461-7941-4FAB-8DDC-3B29BB4B701F}.Release|Any CPU.Build.0 = Release|Any CPU
		{0B851DD1-80B5-4841-88E6-AD89E3784338}.Debug|Any CPU.ActiveCfg = Debug|Any CPU
		{0B851DD1-80B5-4841-88E6-AD89E3784338}.Debug|Any CPU.Build.0 = Debug|Any CPU
		{0B851DD1-80B5-4841-88E6-AD89E3784338}.Release|Any CPU.ActiveCfg = Release|Any CPU
		{0B851DD1-80B5-4841-88E6-AD89E3784338}.Release|Any CPU.Build.0 = Release|Any CPU
		{B4DFA1C1-E6E7-4FEB-88F9-8B1DCF35C0B5}.Debug|Any CPU.ActiveCfg = Debug|Any CPU
		{B4DFA1C1-E6E7-4FEB-88F9-8B1DCF35C0B5}.Debug|Any CPU.Build.0 = Debug|Any CPU
		{B4DFA1C1-E6E7-4FEB-88F9-8B1DCF35C0B5}.Release|Any CPU.ActiveCfg = Release|Any CPU
		{B4DFA1C1-E6E7-4FEB-88F9-8B1DCF35C0B5}.Release|Any CPU.Build.0 = Release|Any CPU
	EndGlobalSection
EndGlobal
